PODS:
  - lottie-ios (1.5.2)

DEPENDENCIES:
  - lottie-ios (from `https://github.com/Alex1989Wang/lottie-ios.git`)

EXTERNAL SOURCES:
  lottie-ios:
    :git: https://github.com/Alex1989Wang/lottie-ios.git

CHECKOUT OPTIONS:
  lottie-ios:
    :commit: 6f1befeb4d12fd0fa3345418799e45b8af95e68f
    :git: https://github.com/Alex1989Wang/lottie-ios.git

SPEC CHECKSUMS:
  lottie-ios: 255a0e95973a5c4424e809d7a5c19f7384c73e84

PODFILE CHECKSUM: e61419607d20735e47e1ac48877237d1e68044a1

COCOAPODS: 1.2.0
