PODS:
  - lottie-ios (1.5.2)

DEPENDENCIES:
  - lottie-ios (from `https://github.com/Alex1989Wang/lottie-ios.git`)

EXTERNAL SOURCES:
  lottie-ios:
    :git: https://github.com/Alex1989Wang/lottie-ios.git

CHECKOUT OPTIONS:
  lottie-ios:
    :commit: 13de4a22780873ebd2124a35126da8adc2a7c6b6
    :git: https://github.com/Alex1989Wang/lottie-ios.git

SPEC CHECKSUMS:
  lottie-ios: 255a0e95973a5c4424e809d7a5c19f7384c73e84

PODFILE CHECKSUM: 92f43b69cc94f61aebbd9ab10f52a38c2b051a09

COCOAPODS: 1.2.0
